
Microsoft Visual Studio Solution File, Format Version 12.00
# Visual Studio Version 16
VisualStudioVersion = 16.0.31729.503
MinimumVisualStudioVersion = 10.0.40219.1
Project("{FAE04EC0-301F-11D3-BF4B-00C04F79EFBC}") = "ConvertEx", "src\ConvertEx\ConvertEx.csproj", "{7B4F6AAA-35F4-414B-BCCF-C626903AB4D8}"
EndProject
Project("{FAE04EC0-301F-11D3-BF4B-00C04F79EFBC}") = "ConvertEx.Tests", "tests\ConvertEx.Tests\ConvertEx.Tests.csproj", "{38F8D170-C715-4983-B2F1-5B89DAD81C8B}"
EndProject
Global
	GlobalSection(SolutionConfigurationPlatforms) = preSolution
		Debug|Any CPU = Debug|Any CPU
		Release|Any CPU = Release|Any CPU
	EndGlobalSection
	GlobalSection(ProjectConfigurationPlatforms) = postSolution
		{7B4F6AAA-35F4-414B-BCCF-C626903AB4D8}.Debug|Any CPU.ActiveCfg = Debug|Any CPU
		{7B4F6AAA-35F4-414B-BCCF-C626903AB4D8}.Debug|Any CPU.Build.0 = Debug|Any CPU
		{7B4F6AAA-35F4-414B-BCCF-C626903AB4D8}.Release|Any CPU.ActiveCfg = Release|Any CPU
		{7B4F6AAA-35F4-414B-BCCF-C626903AB4D8}.Release|Any CPU.Build.0 = Release|Any CPU
		{38F8D170-C715-4983-B2F1-5B89DAD81C8B}.Debug|Any CPU.ActiveCfg = Debug|Any CPU
		{38F8D170-C715-4983-B2F1-5B89DAD81C8B}.Debug|Any CPU.Build.0 = Debug|Any CPU
		{38F8D170-C715-4983-B2F1-5B89DAD81C8B}.Release|Any CPU.ActiveCfg = Release|Any CPU
		{38F8D170-C715-4983-B2F1-5B89DAD81C8B}.Release|Any CPU.Build.0 = Release|Any CPU
	EndGlobalSection
	GlobalSection(SolutionProperties) = preSolution
		HideSolutionNode = FALSE
	EndGlobalSection
	GlobalSection(ExtensibilityGlobals) = postSolution
		SolutionGuid = {481A8691-BFE3-44B1-89FF-4CF5EC97748C}
	EndGlobalSection
EndGlobal
